
Microsoft Visual Studio Solution File, Format Version 12.00
# Visual Studio Version 16
VisualStudioVersion = 16.0.28803.352
MinimumVisualStudioVersion = 15.0.26124.0
Project("{2150E333-8FDC-42A3-9474-1A3956D46DE8}") = "1.Presentation", "1.Presentation", "{70642C7E-0B8C-4BCD-AD48-901CCAD11604}"
EndProject
Project("{9A19103F-16F7-4668-BE54-9A1E7A4F7556}") = "CryptoBasket.Api", "1.Presentation\CryptoBasket.Api\CryptoBasket.Api.csproj", "{AAF96FF1-1780-4CDA-B604-5BD1EFCC9271}"
EndProject
Project("{2150E333-8FDC-42A3-9474-1A3956D46DE8}") = "tests", "tests", "{65A7EF5B-B17A-45AC-8D9F-272B43413EBB}"
EndProject
Project("{9A19103F-16F7-4668-BE54-9A1E7A4F7556}") = "CryptoBasket.Api.Tests", "1.Presentation\tests\CryptoBasket.Api.Tests\CryptoBasket.Api.Tests.csproj", "{B85EE505-F638-4771-981C-0FD78AF5AF91}"
EndProject
Project("{2150E333-8FDC-42A3-9474-1A3956D46DE8}") = "2.Application", "2.Application", "{F62BA416-AD6F-4B4D-871B-49973FA44512}"
EndProject
Project("{9A19103F-16F7-4668-BE54-9A1E7A4F7556}") = "CryptoBasket.Application", "2.Application\CryptoBasket.Application\CryptoBasket.Application.csproj", "{9C1D05D6-84B9-4AD1-B908-2A0F602692C7}"
EndProject
Project("{2150E333-8FDC-42A3-9474-1A3956D46DE8}") = "tests", "tests", "{D7E05DBD-093A-4996-A0C6-475CEAC4A9ED}"
EndProject
Project("{9A19103F-16F7-4668-BE54-9A1E7A4F7556}") = "CryptoBasket.Application.Tests", "2.Application\tests\CryptoBasket.Application.Tests\CryptoBasket.Application.Tests.csproj", "{D0478FDB-95A3-40E0-A34B-9C12811D8722}"
EndProject
Project("{2150E333-8FDC-42A3-9474-1A3956D46DE8}") = "3.Domain", "3.Domain", "{1A5F3661-FFF5-4281-A004-117B046930DB}"
EndProject
Project("{9A19103F-16F7-4668-BE54-9A1E7A4F7556}") = "CryptoBasket.Domain", "3.Domain\CryptoBasket.Domain\CryptoBasket.Domain.csproj", "{83DAF79B-1004-4ABB-945D-FADDD88E2440}"
EndProject
Project("{9A19103F-16F7-4668-BE54-9A1E7A4F7556}") = "CryptoBasket.Domain.Core", "3.Domain\CryptoBasket.Domain.Core\CryptoBasket.Domain.Core.csproj", "{A01AB2E9-69EF-43AC-8339-01D53884DA1C}"
EndProject
Project("{2150E333-8FDC-42A3-9474-1A3956D46DE8}") = "tests", "tests", "{BCFB5B55-FBE1-4A9B-9A81-B1687A9D102F}"
EndProject
Project("{9A19103F-16F7-4668-BE54-9A1E7A4F7556}") = "CryptoBasket.Domain.Core.Tests", "3.Domain\tests\CryptoBasket.Domain.Core.Tests\CryptoBasket.Domain.Core.Tests.csproj", "{E65329F3-BAE8-4973-A364-E9B94978E731}"
EndProject
Project("{9A19103F-16F7-4668-BE54-9A1E7A4F7556}") = "CryptoBasket.Domain.Tests", "3.Domain\tests\CryptoBasket.Domain.Tests\CryptoBasket.Domain.Tests.csproj", "{BCD36FE1-E7C8-4278-91F9-D0039AD93EF4}"
EndProject
Project("{2150E333-8FDC-42A3-9474-1A3956D46DE8}") = "5.DependencyInjection", "5.DependencyInjection", "{2DC342FD-5425-4EEC-89DA-97B20E10B41F}"
EndProject
Project("{9A19103F-16F7-4668-BE54-9A1E7A4F7556}") = "CryptoBasket.IoC", "5.DependencyInjection\CryptoBasket.IoC\CryptoBasket.IoC.csproj", "{5E718B83-FEAE-477E-8FBA-2F45BDEA0328}"
EndProject
Project("{2150E333-8FDC-42A3-9474-1A3956D46DE8}") = "4.Infrastructure", "4.Infrastructure", "{5E094E70-2D7D-4B8D-972A-FCE62AF8A731}"
EndProject
Project("{9A19103F-16F7-4668-BE54-9A1E7A4F7556}") = "CryptoBasket.CoinMarketCap", "4.Infrastructure\CryptoBasket.CoinMarketCap\CryptoBasket.CoinMarketCap.csproj", "{8AFCDA6C-C9A1-441A-AE11-5F15232FFBD4}"
EndProject
Project("{2150E333-8FDC-42A3-9474-1A3956D46DE8}") = "tests", "tests", "{4F00B856-9DE6-41CE-A3CE-CCFDE2F93908}"
EndProject
Project("{9A19103F-16F7-4668-BE54-9A1E7A4F7556}") = "CryptoBasket.CoinMarketCap.Tests", "4.Infrastructure\tests\CryptoBasket.CoinMarketCap.Tests\CryptoBasket.CoinMarketCap.Tests.csproj", "{35BB5B7B-C1F9-4812-B7BC-EFC1BC341465}"
EndProject
Project("{FAE04EC0-301F-11D3-BF4B-00C04F79EFBC}") = "CryptoBasket.ErrorLogger", "4.Infrastructure\CryptoBasket.ErrorLogger\CryptoBasket.ErrorLogger.csproj", "{EC22A273-F707-4F45-8199-E46065B88283}"
EndProject
Project("{FAE04EC0-301F-11D3-BF4B-00C04F79EFBC}") = "CryptoBasket.Repository", "4.Infrastructure\CryptoBasket.Repository\CryptoBasket.Repository.csproj", "{5B219C60-7DFA-46F4-8CE2-8A0B05870D64}"
EndProject
Project("{FAE04EC0-301F-11D3-BF4B-00C04F79EFBC}") = "CryptoBasket.Repository.Tests", "4.Infrastructure\tests\CryptoBasket.Repository.Tests\CryptoBasket.Repository.Tests.csproj", "{7457CF7F-27D1-4DB6-9FD4-51E1E006813B}"
EndProject
Project("{FAE04EC0-301F-11D3-BF4B-00C04F79EFBC}") = "CryptoBasket.CrossCutting", "4.Infrastructure\CryptoBasket.CrossCutting\CryptoBasket.CrossCutting\CryptoBasket.CrossCutting.csproj", "{4B296B4A-CE90-4C7D-A553-9F404C658D77}"
EndProject
Global
	GlobalSection(SolutionConfigurationPlatforms) = preSolution
		Debug|Any CPU = Debug|Any CPU
		Debug|x64 = Debug|x64
		Debug|x86 = Debug|x86
		Release|Any CPU = Release|Any CPU
		Release|x64 = Release|x64
		Release|x86 = Release|x86
	EndGlobalSection
	GlobalSection(ProjectConfigurationPlatforms) = postSolution
		{AAF96FF1-1780-4CDA-B604-5BD1EFCC9271}.Debug|Any CPU.ActiveCfg = Debug|Any CPU
		{AAF96FF1-1780-4CDA-B604-5BD1EFCC9271}.Debug|Any CPU.Build.0 = Debug|Any CPU
		{AAF96FF1-1780-4CDA-B604-5BD1EFCC9271}.Debug|x64.ActiveCfg = Debug|Any CPU
		{AAF96FF1-1780-4CDA-B604-5BD1EFCC9271}.Debug|x64.Build.0 = Debug|Any CPU
		{AAF96FF1-1780-4CDA-B604-5BD1EFCC9271}.Debug|x86.ActiveCfg = Debug|Any CPU
		{AAF96FF1-1780-4CDA-B604-5BD1EFCC9271}.Debug|x86.Build.0 = Debug|Any CPU
		{AAF96FF1-1780-4CDA-B604-5BD1EFCC9271}.Release|Any CPU.ActiveCfg = Release|Any CPU
		{AAF96FF1-1780-4CDA-B604-5BD1EFCC9271}.Release|Any CPU.Build.0 = Release|Any CPU
		{AAF96FF1-1780-4CDA-B604-5BD1EFCC9271}.Release|x64.ActiveCfg = Release|Any CPU
		{AAF96FF1-1780-4CDA-B604-5BD1EFCC9271}.Release|x64.Build.0 = Release|Any CPU
		{AAF96FF1-1780-4CDA-B604-5BD1EFCC9271}.Release|x86.ActiveCfg = Release|Any CPU
		{AAF96FF1-1780-4CDA-B604-5BD1EFCC9271}.Release|x86.Build.0 = Release|Any CPU
		{B85EE505-F638-4771-981C-0FD78AF5AF91}.Debug|Any CPU.ActiveCfg = Debug|Any CPU
		{B85EE505-F638-4771-981C-0FD78AF5AF91}.Debug|Any CPU.Build.0 = Debug|Any CPU
		{B85EE505-F638-4771-981C-0FD78AF5AF91}.Debug|x64.ActiveCfg = Debug|Any CPU
		{B85EE505-F638-4771-981C-0FD78AF5AF91}.Debug|x64.Build.0 = Debug|Any CPU
		{B85EE505-F638-4771-981C-0FD78AF5AF91}.Debug|x86.ActiveCfg = Debug|Any CPU
		{B85EE505-F638-4771-981C-0FD78AF5AF91}.Debug|x86.Build.0 = Debug|Any CPU
		{B85EE505-F638-4771-981C-0FD78AF5AF91}.Release|Any CPU.ActiveCfg = Release|Any CPU
		{B85EE505-F638-4771-981C-0FD78AF5AF91}.Release|Any CPU.Build.0 = Release|Any CPU
		{B85EE505-F638-4771-981C-0FD78AF5AF91}.Release|x64.ActiveCfg = Release|Any CPU
		{B85EE505-F638-4771-981C-0FD78AF5AF91}.Release|x64.Build.0 = Release|Any CPU
		{B85EE505-F638-4771-981C-0FD78AF5AF91}.Release|x86.ActiveCfg = Release|Any CPU
		{B85EE505-F638-4771-981C-0FD78AF5AF91}.Release|x86.Build.0 = Release|Any CPU
		{9C1D05D6-84B9-4AD1-B908-2A0F602692C7}.Debug|Any CPU.ActiveCfg = Debug|Any CPU
		{9C1D05D6-84B9-4AD1-B908-2A0F602692C7}.Debug|Any CPU.Build.0 = Debug|Any CPU
		{9C1D05D6-84B9-4AD1-B908-2A0F602692C7}.Debug|x64.ActiveCfg = Debug|Any CPU
		{9C1D05D6-84B9-4AD1-B908-2A0F602692C7}.Debug|x64.Build.0 = Debug|Any CPU
		{9C1D05D6-84B9-4AD1-B908-2A0F602692C7}.Debug|x86.ActiveCfg = Debug|Any CPU
		{9C1D05D6-84B9-4AD1-B908-2A0F602692C7}.Debug|x86.Build.0 = Debug|Any CPU
		{9C1D05D6-84B9-4AD1-B908-2A0F602692C7}.Release|Any CPU.ActiveCfg = Release|Any CPU
		{9C1D05D6-84B9-4AD1-B908-2A0F602692C7}.Release|Any CPU.Build.0 = Release|Any CPU
		{9C1D05D6-84B9-4AD1-B908-2A0F602692C7}.Release|x64.ActiveCfg = Release|Any CPU
		{9C1D05D6-84B9-4AD1-B908-2A0F602692C7}.Release|x64.Build.0 = Release|Any CPU
		{9C1D05D6-84B9-4AD1-B908-2A0F602692C7}.Release|x86.ActiveCfg = Release|Any CPU
		{9C1D05D6-84B9-4AD1-B908-2A0F602692C7}.Release|x86.Build.0 = Release|Any CPU
		{D0478FDB-95A3-40E0-A34B-9C12811D8722}.Debug|Any CPU.ActiveCfg = Debug|Any CPU
		{D0478FDB-95A3-40E0-A34B-9C12811D8722}.Debug|Any CPU.Build.0 = Debug|Any CPU
		{D0478FDB-95A3-40E0-A34B-9C12811D8722}.Debug|x64.ActiveCfg = Debug|Any CPU
		{D0478FDB-95A3-40E0-A34B-9C12811D8722}.Debug|x64.Build.0 = Debug|Any CPU
		{D0478FDB-95A3-40E0-A34B-9C12811D8722}.Debug|x86.ActiveCfg = Debug|Any CPU
		{D0478FDB-95A3-40E0-A34B-9C12811D8722}.Debug|x86.Build.0 = Debug|Any CPU
		{D0478FDB-95A3-40E0-A34B-9C12811D8722}.Release|Any CPU.ActiveCfg = Release|Any CPU
		{D0478FDB-95A3-40E0-A34B-9C12811D8722}.Release|Any CPU.Build.0 = Release|Any CPU
		{D0478FDB-95A3-40E0-A34B-9C12811D8722}.Release|x64.ActiveCfg = Release|Any CPU
		{D0478FDB-95A3-40E0-A34B-9C12811D8722}.Release|x64.Build.0 = Release|Any CPU
		{D0478FDB-95A3-40E0-A34B-9C12811D8722}.Release|x86.ActiveCfg = Release|Any CPU
		{D0478FDB-95A3-40E0-A34B-9C12811D8722}.Release|x86.Build.0 = Release|Any CPU
		{83DAF79B-1004-4ABB-945D-FADDD88E2440}.Debug|Any CPU.ActiveCfg = Debug|Any CPU
		{83DAF79B-1004-4ABB-945D-FADDD88E2440}.Debug|Any CPU.Build.0 = Debug|Any CPU
		{83DAF79B-1004-4ABB-945D-FADDD88E2440}.Debug|x64.ActiveCfg = Debug|Any CPU
		{83DAF79B-1004-4ABB-945D-FADDD88E2440}.Debug|x64.Build.0 = Debug|Any CPU
		{83DAF79B-1004-4ABB-945D-FADDD88E2440}.Debug|x86.ActiveCfg = Debug|Any CPU
		{83DAF79B-1004-4ABB-945D-FADDD88E2440}.Debug|x86.Build.0 = Debug|Any CPU
		{83DAF79B-1004-4ABB-945D-FADDD88E2440}.Release|Any CPU.ActiveCfg = Release|Any CPU
		{83DAF79B-1004-4ABB-945D-FADDD88E2440}.Release|Any CPU.Build.0 = Release|Any CPU
		{83DAF79B-1004-4ABB-945D-FADDD88E2440}.Release|x64.ActiveCfg = Release|Any CPU
		{83DAF79B-1004-4ABB-945D-FADDD88E2440}.Release|x64.Build.0 = Release|Any CPU
		{83DAF79B-1004-4ABB-945D-FADDD88E2440}.Release|x86.ActiveCfg = Release|Any CPU
		{83DAF79B-1004-4ABB-945D-FADDD88E2440}.Release|x86.Build.0 = Release|Any CPU
		{A01AB2E9-69EF-43AC-8339-01D53884DA1C}.Debug|Any CPU.ActiveCfg = Debug|Any CPU
		{A01AB2E9-69EF-43AC-8339-01D53884DA1C}.Debug|Any CPU.Build.0 = Debug|Any CPU
		{A01AB2E9-69EF-43AC-8339-01D53884DA1C}.Debug|x64.ActiveCfg = Debug|Any CPU
		{A01AB2E9-69EF-43AC-8339-01D53884DA1C}.Debug|x64.Build.0 = Debug|Any CPU
		{A01AB2E9-69EF-43AC-8339-01D53884DA1C}.Debug|x86.ActiveCfg = Debug|Any CPU
		{A01AB2E9-69EF-43AC-8339-01D53884DA1C}.Debug|x86.Build.0 = Debug|Any CPU
		{A01AB2E9-69EF-43AC-8339-01D53884DA1C}.Release|Any CPU.ActiveCfg = Release|Any CPU
		{A01AB2E9-69EF-43AC-8339-01D53884DA1C}.Release|Any CPU.Build.0 = Release|Any CPU
		{A01AB2E9-69EF-43AC-8339-01D53884DA1C}.Release|x64.ActiveCfg = Release|Any CPU
		{A01AB2E9-69EF-43AC-8339-01D53884DA1C}.Release|x64.Build.0 = Release|Any CPU
		{A01AB2E9-69EF-43AC-8339-01D53884DA1C}.Release|x86.ActiveCfg = Release|Any CPU
		{A01AB2E9-69EF-43AC-8339-01D53884DA1C}.Release|x86.Build.0 = Release|Any CPU
		{E65329F3-BAE8-4973-A364-E9B94978E731}.Debug|Any CPU.ActiveCfg = Debug|Any CPU
		{E65329F3-BAE8-4973-A364-E9B94978E731}.Debug|Any CPU.Build.0 = Debug|Any CPU
		{E65329F3-BAE8-4973-A364-E9B94978E731}.Debug|x64.ActiveCfg = Debug|Any CPU
		{E65329F3-BAE8-4973-A364-E9B94978E731}.Debug|x64.Build.0 = Debug|Any CPU
		{E65329F3-BAE8-4973-A364-E9B94978E731}.Debug|x86.ActiveCfg = Debug|Any CPU
		{E65329F3-BAE8-4973-A364-E9B94978E731}.Debug|x86.Build.0 = Debug|Any CPU
		{E65329F3-BAE8-4973-A364-E9B94978E731}.Release|Any CPU.ActiveCfg = Release|Any CPU
		{E65329F3-BAE8-4973-A364-E9B94978E731}.Release|Any CPU.Build.0 = Release|Any CPU
		{E65329F3-BAE8-4973-A364-E9B94978E731}.Release|x64.ActiveCfg = Release|Any CPU
		{E65329F3-BAE8-4973-A364-E9B94978E731}.Release|x64.Build.0 = Release|Any CPU
		{E65329F3-BAE8-4973-A364-E9B94978E731}.Release|x86.ActiveCfg = Release|Any CPU
		{E65329F3-BAE8-4973-A364-E9B94978E731}.Release|x86.Build.0 = Release|Any CPU
		{BCD36FE1-E7C8-4278-91F9-D0039AD93EF4}.Debug|Any CPU.ActiveCfg = Debug|Any CPU
		{BCD36FE1-E7C8-4278-91F9-D0039AD93EF4}.Debug|Any CPU.Build.0 = Debug|Any CPU
		{BCD36FE1-E7C8-4278-91F9-D0039AD93EF4}.Debug|x64.ActiveCfg = Debug|Any CPU
		{BCD36FE1-E7C8-4278-91F9-D0039AD93EF4}.Debug|x64.Build.0 = Debug|Any CPU
		{BCD36FE1-E7C8-4278-91F9-D0039AD93EF4}.Debug|x86.ActiveCfg = Debug|Any CPU
		{BCD36FE1-E7C8-4278-91F9-D0039AD93EF4}.Debug|x86.Build.0 = Debug|Any CPU
		{BCD36FE1-E7C8-4278-91F9-D0039AD93EF4}.Release|Any CPU.ActiveCfg = Release|Any CPU
		{BCD36FE1-E7C8-4278-91F9-D0039AD93EF4}.Release|Any CPU.Build.0 = Release|Any CPU
		{BCD36FE1-E7C8-4278-91F9-D0039AD93EF4}.Release|x64.ActiveCfg = Release|Any CPU
		{BCD36FE1-E7C8-4278-91F9-D0039AD93EF4}.Release|x64.Build.0 = Release|Any CPU
		{BCD36FE1-E7C8-4278-91F9-D0039AD93EF4}.Release|x86.ActiveCfg = Release|Any CPU
		{BCD36FE1-E7C8-4278-91F9-D0039AD93EF4}.Release|x86.Build.0 = Release|Any CPU
		{5E718B83-FEAE-477E-8FBA-2F45BDEA0328}.Debug|Any CPU.ActiveCfg = Debug|Any CPU
		{5E718B83-FEAE-477E-8FBA-2F45BDEA0328}.Debug|Any CPU.Build.0 = Debug|Any CPU
		{5E718B83-FEAE-477E-8FBA-2F45BDEA0328}.Debug|x64.ActiveCfg = Debug|Any CPU
		{5E718B83-FEAE-477E-8FBA-2F45BDEA0328}.Debug|x64.Build.0 = Debug|Any CPU
		{5E718B83-FEAE-477E-8FBA-2F45BDEA0328}.Debug|x86.ActiveCfg = Debug|Any CPU
		{5E718B83-FEAE-477E-8FBA-2F45BDEA0328}.Debug|x86.Build.0 = Debug|Any CPU
		{5E718B83-FEAE-477E-8FBA-2F45BDEA0328}.Release|Any CPU.ActiveCfg = Release|Any CPU
		{5E718B83-FEAE-477E-8FBA-2F45BDEA0328}.Release|Any CPU.Build.0 = Release|Any CPU
		{5E718B83-FEAE-477E-8FBA-2F45BDEA0328}.Release|x64.ActiveCfg = Release|Any CPU
		{5E718B83-FEAE-477E-8FBA-2F45BDEA0328}.Release|x64.Build.0 = Release|Any CPU
		{5E718B83-FEAE-477E-8FBA-2F45BDEA0328}.Release|x86.ActiveCfg = Release|Any CPU
		{5E718B83-FEAE-477E-8FBA-2F45BDEA0328}.Release|x86.Build.0 = Release|Any CPU
		{8AFCDA6C-C9A1-441A-AE11-5F15232FFBD4}.Debug|Any CPU.ActiveCfg = Debug|Any CPU
		{8AFCDA6C-C9A1-441A-AE11-5F15232FFBD4}.Debug|Any CPU.Build.0 = Debug|Any CPU
		{8AFCDA6C-C9A1-441A-AE11-5F15232FFBD4}.Debug|x64.ActiveCfg = Debug|Any CPU
		{8AFCDA6C-C9A1-441A-AE11-5F15232FFBD4}.Debug|x64.Build.0 = Debug|Any CPU
		{8AFCDA6C-C9A1-441A-AE11-5F15232FFBD4}.Debug|x86.ActiveCfg = Debug|Any CPU
		{8AFCDA6C-C9A1-441A-AE11-5F15232FFBD4}.Debug|x86.Build.0 = Debug|Any CPU
		{8AFCDA6C-C9A1-441A-AE11-5F15232FFBD4}.Release|Any CPU.ActiveCfg = Release|Any CPU
		{8AFCDA6C-C9A1-441A-AE11-5F15232FFBD4}.Release|Any CPU.Build.0 = Release|Any CPU
		{8AFCDA6C-C9A1-441A-AE11-5F15232FFBD4}.Release|x64.ActiveCfg = Release|Any CPU
		{8AFCDA6C-C9A1-441A-AE11-5F15232FFBD4}.Release|x64.Build.0 = Release|Any CPU
		{8AFCDA6C-C9A1-441A-AE11-5F15232FFBD4}.Release|x86.ActiveCfg = Release|Any CPU
		{8AFCDA6C-C9A1-441A-AE11-5F15232FFBD4}.Release|x86.Build.0 = Release|Any CPU
		{35BB5B7B-C1F9-4812-B7BC-EFC1BC341465}.Debug|Any CPU.ActiveCfg = Debug|Any CPU
		{35BB5B7B-C1F9-4812-B7BC-EFC1BC341465}.Debug|Any CPU.Build.0 = Debug|Any CPU
		{35BB5B7B-C1F9-4812-B7BC-EFC1BC341465}.Debug|x64.ActiveCfg = Debug|Any CPU
		{35BB5B7B-C1F9-4812-B7BC-EFC1BC341465}.Debug|x64.Build.0 = Debug|Any CPU
		{35BB5B7B-C1F9-4812-B7BC-EFC1BC341465}.Debug|x86.ActiveCfg = Debug|Any CPU
		{35BB5B7B-C1F9-4812-B7BC-EFC1BC341465}.Debug|x86.Build.0 = Debug|Any CPU
		{35BB5B7B-C1F9-4812-B7BC-EFC1BC341465}.Release|Any CPU.ActiveCfg = Release|Any CPU
		{35BB5B7B-C1F9-4812-B7BC-EFC1BC341465}.Release|Any CPU.Build.0 = Release|Any CPU
		{35BB5B7B-C1F9-4812-B7BC-EFC1BC341465}.Release|x64.ActiveCfg = Release|Any CPU
		{35BB5B7B-C1F9-4812-B7BC-EFC1BC341465}.Release|x64.Build.0 = Release|Any CPU
		{35BB5B7B-C1F9-4812-B7BC-EFC1BC341465}.Release|x86.ActiveCfg = Release|Any CPU
		{35BB5B7B-C1F9-4812-B7BC-EFC1BC341465}.Release|x86.Build.0 = Release|Any CPU
		{EC22A273-F707-4F45-8199-E46065B88283}.Debug|Any CPU.ActiveCfg = Debug|Any CPU
		{EC22A273-F707-4F45-8199-E46065B88283}.Debug|Any CPU.Build.0 = Debug|Any CPU
		{EC22A273-F707-4F45-8199-E46065B88283}.Debug|x64.ActiveCfg = Debug|Any CPU
		{EC22A273-F707-4F45-8199-E46065B88283}.Debug|x64.Build.0 = Debug|Any CPU
		{EC22A273-F707-4F45-8199-E46065B88283}.Debug|x86.ActiveCfg = Debug|Any CPU
		{EC22A273-F707-4F45-8199-E46065B88283}.Debug|x86.Build.0 = Debug|Any CPU
		{EC22A273-F707-4F45-8199-E46065B88283}.Release|Any CPU.ActiveCfg = Release|Any CPU
		{EC22A273-F707-4F45-8199-E46065B88283}.Release|Any CPU.Build.0 = Release|Any CPU
		{EC22A273-F707-4F45-8199-E46065B88283}.Release|x64.ActiveCfg = Release|Any CPU
		{EC22A273-F707-4F45-8199-E46065B88283}.Release|x64.Build.0 = Release|Any CPU
		{EC22A273-F707-4F45-8199-E46065B88283}.Release|x86.ActiveCfg = Release|Any CPU
		{EC22A273-F707-4F45-8199-E46065B88283}.Release|x86.Build.0 = Release|Any CPU
		{5B219C60-7DFA-46F4-8CE2-8A0B05870D64}.Debug|Any CPU.ActiveCfg = Debug|Any CPU
		{5B219C60-7DFA-46F4-8CE2-8A0B05870D64}.Debug|Any CPU.Build.0 = Debug|Any CPU
		{5B219C60-7DFA-46F4-8CE2-8A0B05870D64}.Debug|x64.ActiveCfg = Debug|Any CPU
		{5B219C60-7DFA-46F4-8CE2-8A0B05870D64}.Debug|x64.Build.0 = Debug|Any CPU
		{5B219C60-7DFA-46F4-8CE2-8A0B05870D64}.Debug|x86.ActiveCfg = Debug|Any CPU
		{5B219C60-7DFA-46F4-8CE2-8A0B05870D64}.Debug|x86.Build.0 = Debug|Any CPU
		{5B219C60-7DFA-46F4-8CE2-8A0B05870D64}.Release|Any CPU.ActiveCfg = Release|Any CPU
		{5B219C60-7DFA-46F4-8CE2-8A0B05870D64}.Release|Any CPU.Build.0 = Release|Any CPU
		{5B219C60-7DFA-46F4-8CE2-8A0B05870D64}.Release|x64.ActiveCfg = Release|Any CPU
		{5B219C60-7DFA-46F4-8CE2-8A0B05870D64}.Release|x64.Build.0 = Release|Any CPU
		{5B219C60-7DFA-46F4-8CE2-8A0B05870D64}.Release|x86.ActiveCfg = Release|Any CPU
		{5B219C60-7DFA-46F4-8CE2-8A0B05870D64}.Release|x86.Build.0 = Release|Any CPU
		{7457CF7F-27D1-4DB6-9FD4-51E1E006813B}.Debug|Any CPU.ActiveCfg = Debug|Any CPU
		{7457CF7F-27D1-4DB6-9FD4-51E1E006813B}.Debug|Any CPU.Build.0 = Debug|Any CPU
		{7457CF7F-27D1-4DB6-9FD4-51E1E006813B}.Debug|x64.ActiveCfg = Debug|Any CPU
		{7457CF7F-27D1-4DB6-9FD4-51E1E006813B}.Debug|x64.Build.0 = Debug|Any CPU
		{7457CF7F-27D1-4DB6-9FD4-51E1E006813B}.Debug|x86.ActiveCfg = Debug|Any CPU
		{7457CF7F-27D1-4DB6-9FD4-51E1E006813B}.Debug|x86.Build.0 = Debug|Any CPU
		{7457CF7F-27D1-4DB6-9FD4-51E1E006813B}.Release|Any CPU.ActiveCfg = Release|Any CPU
		{7457CF7F-27D1-4DB6-9FD4-51E1E006813B}.Release|Any CPU.Build.0 = Release|Any CPU
		{7457CF7F-27D1-4DB6-9FD4-51E1E006813B}.Release|x64.ActiveCfg = Release|Any CPU
		{7457CF7F-27D1-4DB6-9FD4-51E1E006813B}.Release|x64.Build.0 = Release|Any CPU
		{7457CF7F-27D1-4DB6-9FD4-51E1E006813B}.Release|x86.ActiveCfg = Release|Any CPU
		{7457CF7F-27D1-4DB6-9FD4-51E1E006813B}.Release|x86.Build.0 = Release|Any CPU
		{4B296B4A-CE90-4C7D-A553-9F404C658D77}.Debug|Any CPU.ActiveCfg = Debug|Any CPU
		{4B296B4A-CE90-4C7D-A553-9F404C658D77}.Debug|Any CPU.Build.0 = Debug|Any CPU
		{4B296B4A-CE90-4C7D-A553-9F404C658D77}.Debug|x64.ActiveCfg = Debug|Any CPU
		{4B296B4A-CE90-4C7D-A553-9F404C658D77}.Debug|x64.Build.0 = Debug|Any CPU
		{4B296B4A-CE90-4C7D-A553-9F404C658D77}.Debug|x86.ActiveCfg = Debug|Any CPU
		{4B296B4A-CE90-4C7D-A553-9F404C658D77}.Debug|x86.Build.0 = Debug|Any CPU
		{4B296B4A-CE90-4C7D-A553-9F404C658D77}.Release|Any CPU.ActiveCfg = Release|Any CPU
		{4B296B4A-CE90-4C7D-A553-9F404C658D77}.Release|Any CPU.Build.0 = Release|Any CPU
		{4B296B4A-CE90-4C7D-A553-9F404C658D77}.Release|x64.ActiveCfg = Release|Any CPU
		{4B296B4A-CE90-4C7D-A553-9F404C658D77}.Release|x64.Build.0 = Release|Any CPU
		{4B296B4A-CE90-4C7D-A553-9F404C658D77}.Release|x86.ActiveCfg = Release|Any CPU
		{4B296B4A-CE90-4C7D-A553-9F404C658D77}.Release|x86.Build.0 = Release|Any CPU
	EndGlobalSection
	GlobalSection(SolutionProperties) = preSolution
		HideSolutionNode = FALSE
	EndGlobalSection
	GlobalSection(NestedProjects) = preSolution
		{AAF96FF1-1780-4CDA-B604-5BD1EFCC9271} = {70642C7E-0B8C-4BCD-AD48-901CCAD11604}
		{65A7EF5B-B17A-45AC-8D9F-272B43413EBB} = {70642C7E-0B8C-4BCD-AD48-901CCAD11604}
		{B85EE505-F638-4771-981C-0FD78AF5AF91} = {65A7EF5B-B17A-45AC-8D9F-272B43413EBB}
		{9C1D05D6-84B9-4AD1-B908-2A0F602692C7} = {F62BA416-AD6F-4B4D-871B-49973FA44512}
		{D7E05DBD-093A-4996-A0C6-475CEAC4A9ED} = {F62BA416-AD6F-4B4D-871B-49973FA44512}
		{D0478FDB-95A3-40E0-A34B-9C12811D8722} = {D7E05DBD-093A-4996-A0C6-475CEAC4A9ED}
		{83DAF79B-1004-4ABB-945D-FADDD88E2440} = {1A5F3661-FFF5-4281-A004-117B046930DB}
		{A01AB2E9-69EF-43AC-8339-01D53884DA1C} = {1A5F3661-FFF5-4281-A004-117B046930DB}
		{BCFB5B55-FBE1-4A9B-9A81-B1687A9D102F} = {1A5F3661-FFF5-4281-A004-117B046930DB}
		{E65329F3-BAE8-4973-A364-E9B94978E731} = {BCFB5B55-FBE1-4A9B-9A81-B1687A9D102F}
		{BCD36FE1-E7C8-4278-91F9-D0039AD93EF4} = {BCFB5B55-FBE1-4A9B-9A81-B1687A9D102F}
		{5E718B83-FEAE-477E-8FBA-2F45BDEA0328} = {2DC342FD-5425-4EEC-89DA-97B20E10B41F}
		{8AFCDA6C-C9A1-441A-AE11-5F15232FFBD4} = {5E094E70-2D7D-4B8D-972A-FCE62AF8A731}
		{4F00B856-9DE6-41CE-A3CE-CCFDE2F93908} = {5E094E70-2D7D-4B8D-972A-FCE62AF8A731}
		{35BB5B7B-C1F9-4812-B7BC-EFC1BC341465} = {4F00B856-9DE6-41CE-A3CE-CCFDE2F93908}
		{EC22A273-F707-4F45-8199-E46065B88283} = {5E094E70-2D7D-4B8D-972A-FCE62AF8A731}
		{5B219C60-7DFA-46F4-8CE2-8A0B05870D64} = {5E094E70-2D7D-4B8D-972A-FCE62AF8A731}
		{7457CF7F-27D1-4DB6-9FD4-51E1E006813B} = {4F00B856-9DE6-41CE-A3CE-CCFDE2F93908}
		{4B296B4A-CE90-4C7D-A553-9F404C658D77} = {5E094E70-2D7D-4B8D-972A-FCE62AF8A731}
	EndGlobalSection
	GlobalSection(ExtensibilityGlobals) = postSolution
		SolutionGuid = {245C8865-52BE-4F66-8265-7A2DBA4C78DC}
	EndGlobalSection
EndGlobal
